
Microsoft Visual Studio Solution File, Format Version 12.00
# Visual Studio 15
VisualStudioVersion = 15.0.27428.2037
MinimumVisualStudioVersion = 10.0.40219.1
Project("{FAE04EC0-301F-11D3-BF4B-00C04F79EFBC}") = "Presentation", "Presentation\Presentation.csproj", "{EE970778-E3DC-4637-9446-F4309BC97F38}"
EndProject
Project("{FAE04EC0-301F-11D3-BF4B-00C04F79EFBC}") = "Service", "Service\Service.csproj", "{EBD99BA0-0841-41D8-89AC-0BB6EE966924}"
EndProject
Project("{FAE04EC0-301F-11D3-BF4B-00C04F79EFBC}") = "Data", "Data\Data.csproj", "{4D3FB23F-AC3A-4F01-A430-7C2F6800B41C}"
EndProject
Global
	GlobalSection(SolutionConfigurationPlatforms) = preSolution
		Debug|Any CPU = Debug|Any CPU
		Release|Any CPU = Release|Any CPU
	EndGlobalSection
	GlobalSection(ProjectConfigurationPlatforms) = postSolution
		{EE970778-E3DC-4637-9446-F4309BC97F38}.Debug|Any CPU.ActiveCfg = Debug|Any CPU
		{EE970778-E3DC-4637-9446-F4309BC97F38}.Debug|Any CPU.Build.0 = Debug|Any CPU
		{EE970778-E3DC-4637-9446-F4309BC97F38}.Release|Any CPU.ActiveCfg = Release|Any CPU
		{EE970778-E3DC-4637-9446-F4309BC97F38}.Release|Any CPU.Build.0 = Release|Any CPU
		{EBD99BA0-0841-41D8-89AC-0BB6EE966924}.Debug|Any CPU.ActiveCfg = Debug|Any CPU
		{EBD99BA0-0841-41D8-89AC-0BB6EE966924}.Debug|Any CPU.Build.0 = Debug|Any CPU
		{EBD99BA0-0841-41D8-89AC-0BB6EE966924}.Release|Any CPU.ActiveCfg = Release|Any CPU
		{EBD99BA0-0841-41D8-89AC-0BB6EE966924}.Release|Any CPU.Build.0 = Release|Any CPU
		{4D3FB23F-AC3A-4F01-A430-7C2F6800B41C}.Debug|Any CPU.ActiveCfg = Debug|Any CPU
		{4D3FB23F-AC3A-4F01-A430-7C2F6800B41C}.Debug|Any CPU.Build.0 = Debug|Any CPU
		{4D3FB23F-AC3A-4F01-A430-7C2F6800B41C}.Release|Any CPU.ActiveCfg = Release|Any CPU
		{4D3FB23F-AC3A-4F01-A430-7C2F6800B41C}.Release|Any CPU.Build.0 = Release|Any CPU
	EndGlobalSection
	GlobalSection(SolutionProperties) = preSolution
		HideSolutionNode = FALSE
	EndGlobalSection
	GlobalSection(ExtensibilityGlobals) = postSolution
		SolutionGuid = {74D76B37-608D-4279-9DB7-E0439C9AD673}
	EndGlobalSection
EndGlobal
